
Microsoft Visual Studio Solution File, Format Version 12.00
# Visual Studio Version 16
VisualStudioVersion = 16.0.31424.327
MinimumVisualStudioVersion = 10.0.40219.1
Project("{FAE04EC0-301F-11D3-BF4B-00C04F79EFBC}") = "LoopWhileForEach", "LoopWhileForEach\LoopWhileForEach.csproj", "{D00EA737-2070-45B1-B9BC-CBA8215265A3}"
EndProject
Global
	GlobalSection(SolutionConfigurationPlatforms) = preSolution
		Debug|Any CPU = Debug|Any CPU
		Release|Any CPU = Release|Any CPU
	EndGlobalSection
	GlobalSection(ProjectConfigurationPlatforms) = postSolution
		{D00EA737-2070-45B1-B9BC-CBA8215265A3}.Debug|Any CPU.ActiveCfg = Debug|Any CPU
		{D00EA737-2070-45B1-B9BC-CBA8215265A3}.Debug|Any CPU.Build.0 = Debug|Any CPU
		{D00EA737-2070-45B1-B9BC-CBA8215265A3}.Release|Any CPU.ActiveCfg = Release|Any CPU
		{D00EA737-2070-45B1-B9BC-CBA8215265A3}.Release|Any CPU.Build.0 = Release|Any CPU
	EndGlobalSection
	GlobalSection(SolutionProperties) = preSolution
		HideSolutionNode = FALSE
	EndGlobalSection
	GlobalSection(ExtensibilityGlobals) = postSolution
		SolutionGuid = {3FECEC30-7882-4EEE-BCB7-4DAF008E60DF}
	EndGlobalSection
EndGlobal
